
Microsoft Visual Studio Solution File, Format Version 12.00
# Visual Studio Version 17
VisualStudioVersion = 17.2.32616.157
MinimumVisualStudioVersion = 10.0.40219.1
Project("{9A19103F-16F7-4668-BE54-9A1E7A4F7556}") = "BlazorApp", "BlazorApp\BlazorApp\BlazorApp.csproj", "{79BDE821-223B-4B44-A7D1-3EA62D5F8BB1}"
EndProject
Project("{9A19103F-16F7-4668-BE54-9A1E7A4F7556}") = "public-api", "public-api\public-api\public-api.csproj", "{C4F838C9-7650-4EB9-914F-6B987A24E86B}"
EndProject
Project("{9A19103F-16F7-4668-BE54-9A1E7A4F7556}") = "internal-api", "internal-api\internal-api\internal-api.csproj", "{232F17D9-F131-46DE-83FD-3A41E264FB1E}"
EndProject
Project("{2150E333-8FDC-42A3-9474-1A3956D46DE8}") = "dapr", "dapr", "{F5774776-260F-4188-AB3D-2CE927C925D1}"
	ProjectSection(SolutionItems) = preProject
		dapr\config\config.yaml = dapr\config\config.yaml
		dapr\components\localSecretStore.yml = dapr\components\localSecretStore.yml
		dapr\components\pubsub.yaml = dapr\components\pubsub.yaml
		dapr\components\secrets.json = dapr\components\secrets.json
		dapr\components\statestore.yaml = dapr\components\statestore.yaml
	EndProjectSection
EndProject
Project("{E53339B2-1760-4266-BCC7-CA923CBCF16C}") = "docker-compose", "docker-compose.dcproj", "{B9767345-BFDF-4A9F-A76A-CEDD11C4B4DA}"
EndProject
Global
	GlobalSection(SolutionConfigurationPlatforms) = preSolution
		Debug|Any CPU = Debug|Any CPU
		Release|Any CPU = Release|Any CPU
	EndGlobalSection
	GlobalSection(ProjectConfigurationPlatforms) = postSolution
		{79BDE821-223B-4B44-A7D1-3EA62D5F8BB1}.Debug|Any CPU.ActiveCfg = Debug|Any CPU
		{79BDE821-223B-4B44-A7D1-3EA62D5F8BB1}.Debug|Any CPU.Build.0 = Debug|Any CPU
		{79BDE821-223B-4B44-A7D1-3EA62D5F8BB1}.Release|Any CPU.ActiveCfg = Release|Any CPU
		{79BDE821-223B-4B44-A7D1-3EA62D5F8BB1}.Release|Any CPU.Build.0 = Release|Any CPU
		{C4F838C9-7650-4EB9-914F-6B987A24E86B}.Debug|Any CPU.ActiveCfg = Debug|Any CPU
		{C4F838C9-7650-4EB9-914F-6B987A24E86B}.Debug|Any CPU.Build.0 = Debug|Any CPU
		{C4F838C9-7650-4EB9-914F-6B987A24E86B}.Release|Any CPU.ActiveCfg = Release|Any CPU
		{C4F838C9-7650-4EB9-914F-6B987A24E86B}.Release|Any CPU.Build.0 = Release|Any CPU
		{232F17D9-F131-46DE-83FD-3A41E264FB1E}.Debug|Any CPU.ActiveCfg = Debug|Any CPU
		{232F17D9-F131-46DE-83FD-3A41E264FB1E}.Debug|Any CPU.Build.0 = Debug|Any CPU
		{232F17D9-F131-46DE-83FD-3A41E264FB1E}.Release|Any CPU.ActiveCfg = Release|Any CPU
		{232F17D9-F131-46DE-83FD-3A41E264FB1E}.Release|Any CPU.Build.0 = Release|Any CPU
		{B9767345-BFDF-4A9F-A76A-CEDD11C4B4DA}.Debug|Any CPU.ActiveCfg = Debug|Any CPU
		{B9767345-BFDF-4A9F-A76A-CEDD11C4B4DA}.Debug|Any CPU.Build.0 = Debug|Any CPU
		{B9767345-BFDF-4A9F-A76A-CEDD11C4B4DA}.Release|Any CPU.ActiveCfg = Release|Any CPU
		{B9767345-BFDF-4A9F-A76A-CEDD11C4B4DA}.Release|Any CPU.Build.0 = Release|Any CPU
	EndGlobalSection
	GlobalSection(SolutionProperties) = preSolution
		HideSolutionNode = FALSE
	EndGlobalSection
	GlobalSection(ExtensibilityGlobals) = postSolution
		SolutionGuid = {2B14BA0C-C18C-4844-82CF-75CCC3F18199}
	EndGlobalSection
EndGlobal
